// !$*UTF8*$!
{
	archiveVersion = 1;
	classes = {
	};
	objectVersion = 56;
	objects = {

/* Begin PBXBuildFile section */
		9E4956DD2ABD55FB00CFA886 /* AppDelegate.swift in Sources */ = {isa = PBXBuildFile; fileRef = 9E4956DC2ABD55FB00CFA886 /* AppDelegate.swift */; };
		9E4956DF2ABD55FB00CFA886 /* SceneDelegate.swift in Sources */ = {isa = PBXBuildFile; fileRef = 9E4956DE2ABD55FB00CFA886 /* SceneDelegate.swift */; };
		9E4956E42ABD55FB00CFA886 /* Main.storyboard in Resources */ = {isa = PBXBuildFile; fileRef = 9E4956E22ABD55FB00CFA886 /* Main.storyboard */; };
		9E4956E62ABD560000CFA886 /* Assets.xcassets in Resources */ = {isa = PBXBuildFile; fileRef = 9E4956E52ABD560000CFA886 /* Assets.xcassets */; };
		9E4956E92ABD560000CFA886 /* LaunchScreen.storyboard in Resources */ = {isa = PBXBuildFile; fileRef = 9E4956E72ABD560000CFA886 /* LaunchScreen.storyboard */; };
		9E4956F12ABD5D7400CFA886 /* Lato-Bold.ttf in Resources */ = {isa = PBXBuildFile; fileRef = 9E4956F02ABD5D7400CFA886 /* Lato-Bold.ttf */; };
		9E4956F32ABD5D8100CFA886 /* Lato-Regular.ttf in Resources */ = {isa = PBXBuildFile; fileRef = 9E4956F22ABD5D8100CFA886 /* Lato-Regular.ttf */; };
		9E4956F52ABD628B00CFA886 /* Inter-Regular.ttf in Resources */ = {isa = PBXBuildFile; fileRef = 9E4956F42ABD628A00CFA886 /* Inter-Regular.ttf */; };
		9E4956FA2ABD656F00CFA886 /* loginViewController.swift in Sources */ = {isa = PBXBuildFile; fileRef = 9E4956F92ABD656F00CFA886 /* loginViewController.swift */; };
		9E4956FC2ABD658900CFA886 /* signupViewController.swift in Sources */ = {isa = PBXBuildFile; fileRef = 9E4956FB2ABD658900CFA886 /* signupViewController.swift */; };
		9E4956FE2ABD659C00CFA886 /* appViewController.swift in Sources */ = {isa = PBXBuildFile; fileRef = 9E4956FD2ABD659C00CFA886 /* appViewController.swift */; };
		9E4957002ABD7D2600CFA886 /* File.swift in Sources */ = {isa = PBXBuildFile; fileRef = 9E4956FF2ABD7D2600CFA886 /* File.swift */; };
/* End PBXBuildFile section */

/* Begin PBXFileReference section */
		9E4956D92ABD55FB00CFA886 /* weekly assessment 3.app */ = {isa = PBXFileReference; explicitFileType = wrapper.application; includeInIndex = 0; path = "weekly assessment 3.app"; sourceTree = BUILT_PRODUCTS_DIR; };
		9E4956DC2ABD55FB00CFA886 /* AppDelegate.swift */ = {isa = PBXFileReference; lastKnownFileType = sourcecode.swift; path = AppDelegate.swift; sourceTree = "<group>"; };
		9E4956DE2ABD55FB00CFA886 /* SceneDelegate.swift */ = {isa = PBXFileReference; lastKnownFileType = sourcecode.swift; path = SceneDelegate.swift; sourceTree = "<group>"; };
		9E4956E32ABD55FB00CFA886 /* Base */ = {isa = PBXFileReference; lastKnownFileType = file.storyboard; name = Base; path = Base.lproj/Main.storyboard; sourceTree = "<group>"; };
		9E4956E52ABD560000CFA886 /* Assets.xcassets */ = {isa = PBXFileReference; lastKnownFileType = folder.assetcatalog; path = Assets.xcassets; sourceTree = "<group>"; };
		9E4956E82ABD560000CFA886 /* Base */ = {isa = PBXFileReference; lastKnownFileType = file.storyboard; name = Base; path = Base.lproj/LaunchScreen.storyboard; sourceTree = "<group>"; };
		9E4956EA2ABD560000CFA886 /* Info.plist */ = {isa = PBXFileReference; lastKnownFileType = text.plist.xml; path = Info.plist; sourceTree = "<group>"; };
		9E4956F02ABD5D7400CFA886 /* Lato-Bold.ttf */ = {isa = PBXFileReference; lastKnownFileType = file; path = "Lato-Bold.ttf"; sourceTree = "<group>"; };
		9E4956F22ABD5D8100CFA886 /* Lato-Regular.ttf */ = {isa = PBXFileReference; lastKnownFileType = file; path = "Lato-Regular.ttf"; sourceTree = "<group>"; };
		9E4956F42ABD628A00CFA886 /* Inter-Regular.ttf */ = {isa = PBXFileReference; lastKnownFileType = file; path = "Inter-Regular.ttf"; sourceTree = "<group>"; };
		9E4956F92ABD656F00CFA886 /* loginViewController.swift */ = {isa = PBXFileReference; lastKnownFileType = sourcecode.swift; path = loginViewController.swift; sourceTree = "<group>"; };
		9E4956FB2ABD658900CFA886 /* signupViewController.swift */ = {isa = PBXFileReference; lastKnownFileType = sourcecode.swift; path = signupViewController.swift; sourceTree = "<group>"; };
		9E4956FD2ABD659C00CFA886 /* appViewController.swift */ = {isa = PBXFileReference; lastKnownFileType = sourcecode.swift; path = appViewController.swift; sourceTree = "<group>"; };
		9E4956FF2ABD7D2600CFA886 /* File.swift */ = {isa = PBXFileReference; lastKnownFileType = sourcecode.swift; path = File.swift; sourceTree = "<group>"; };
/* End PBXFileReference section */

/* Begin PBXFrameworksBuildPhase section */
		9E4956D62ABD55FB00CFA886 /* Frameworks */ = {
			isa = PBXFrameworksBuildPhase;
			buildActionMask = 2147483647;
			files = (
			);
			runOnlyForDeploymentPostprocessing = 0;
		};
/* End PBXFrameworksBuildPhase section */

/* Begin PBXGroup section */
		9E4956D02ABD55FB00CFA886 = {
			isa = PBXGroup;
			children = (
				9E4956F02ABD5D7400CFA886 /* Lato-Bold.ttf */,
				9E4956F22ABD5D8100CFA886 /* Lato-Regular.ttf */,
				9E4956F42ABD628A00CFA886 /* Inter-Regular.ttf */,
				9E4956DB2ABD55FB00CFA886 /* weekly assessment 3 */,
				9E4956DA2ABD55FB00CFA886 /* Products */,
			);
			sourceTree = "<group>";
		};
		9E4956DA2ABD55FB00CFA886 /* Products */ = {
			isa = PBXGroup;
			children = (
				9E4956D92ABD55FB00CFA886 /* weekly assessment 3.app */,
			);
			name = Products;
			sourceTree = "<group>";
		};
		9E4956DB2ABD55FB00CFA886 /* weekly assessment 3 */ = {
			isa = PBXGroup;
			children = (
				9E4956F82ABD654600CFA886 /* Model */,
				9E4956F62ABD651C00CFA886 /* View */,
				9E4956F72ABD652D00CFA886 /* ViewModel */,
				9E4956DC2ABD55FB00CFA886 /* AppDelegate.swift */,
				9E4956DE2ABD55FB00CFA886 /* SceneDelegate.swift */,
				9E4956E22ABD55FB00CFA886 /* Main.storyboard */,
				9E4956E52ABD560000CFA886 /* Assets.xcassets */,
				9E4956E72ABD560000CFA886 /* LaunchScreen.storyboard */,
				9E4956EA2ABD560000CFA886 /* Info.plist */,
			);
			path = "weekly assessment 3";
			sourceTree = "<group>";
		};
		9E4956F62ABD651C00CFA886 /* View */ = {
			isa = PBXGroup;
			children = (
				9E4956F92ABD656F00CFA886 /* loginViewController.swift */,
				9E4956FB2ABD658900CFA886 /* signupViewController.swift */,
				9E4956FD2ABD659C00CFA886 /* appViewController.swift */,
			);
			path = View;
			sourceTree = "<group>";
		};
		9E4956F72ABD652D00CFA886 /* ViewModel */ = {
			isa = PBXGroup;
			children = (
			);
			path = ViewModel;
			sourceTree = "<group>";
		};
		9E4956F82ABD654600CFA886 /* Model */ = {
			isa = PBXGroup;
			children = (
				9E4956FF2ABD7D2600CFA886 /* File.swift */,
			);
			path = Model;
			sourceTree = "<group>";
		};
/* End PBXGroup section */

/* Begin PBXNativeTarget section */
		9E4956D82ABD55FB00CFA886 /* weekly assessment 3 */ = {
			isa = PBXNativeTarget;
			buildConfigurationList = 9E4956ED2ABD560000CFA886 /* Build configuration list for PBXNativeTarget "weekly assessment 3" */;
			buildPhases = (
				9E4956D52ABD55FB00CFA886 /* Sources */,
				9E4956D62ABD55FB00CFA886 /* Frameworks */,
				9E4956D72ABD55FB00CFA886 /* Resources */,
			);
			buildRules = (
			);
			dependencies = (
			);
			name = "weekly assessment 3";
			productName = "weekly assessment 3";
			productReference = 9E4956D92ABD55FB00CFA886 /* weekly assessment 3.app */;
			productType = "com.apple.product-type.application";
		};
/* End PBXNativeTarget section */

/* Begin PBXProject section */
		9E4956D12ABD55FB00CFA886 /* Project object */ = {
			isa = PBXProject;
			attributes = {
				BuildIndependentTargetsInParallel = 1;
				LastSwiftUpdateCheck = 1420;
				LastUpgradeCheck = 1420;
				TargetAttributes = {
					9E4956D82ABD55FB00CFA886 = {
						CreatedOnToolsVersion = 14.2;
					};
				};
			};
			buildConfigurationList = 9E4956D42ABD55FB00CFA886 /* Build configuration list for PBXProject "weekly assessment 3" */;
			compatibilityVersion = "Xcode 14.0";
			developmentRegion = en;
			hasScannedForEncodings = 0;
			knownRegions = (
				en,
				Base,
			);
			mainGroup = 9E4956D02ABD55FB00CFA886;
			productRefGroup = 9E4956DA2ABD55FB00CFA886 /* Products */;
			projectDirPath = "";
			projectRoot = "";
			targets = (
				9E4956D82ABD55FB00CFA886 /* weekly assessment 3 */,
			);
		};
/* End PBXProject section */

/* Begin PBXResourcesBuildPhase section */
		9E4956D72ABD55FB00CFA886 /* Resources */ = {
			isa = PBXResourcesBuildPhase;
			buildActionMask = 2147483647;
			files = (
				9E4956E92ABD560000CFA886 /* LaunchScreen.storyboard in Resources */,
				9E4956E62ABD560000CFA886 /* Assets.xcassets in Resources */,
				9E4956F32ABD5D8100CFA886 /* Lato-Regular.ttf in Resources */,
				9E4956E42ABD55FB00CFA886 /* Main.storyboard in Resources */,
				9E4956F52ABD628B00CFA886 /* Inter-Regular.ttf in Resources */,
				9E4956F12ABD5D7400CFA886 /* Lato-Bold.ttf in Resources */,
			);
			runOnlyForDeploymentPostprocessing = 0;
		};
/* End PBXResourcesBuildPhase section */

/* Begin PBXSourcesBuildPhase section */
		9E4956D52ABD55FB00CFA886 /* Sources */ = {
			isa = PBXSourcesBuildPhase;
			buildActionMask = 2147483647;
			files = (
				9E4956DD2ABD55FB00CFA886 /* AppDelegate.swift in Sources */,
				9E4957002ABD7D2600CFA886 /* File.swift in Sources */,
				9E4956DF2ABD55FB00CFA886 /* SceneDelegate.swift in Sources */,
				9E4956FE2ABD659C00CFA886 /* appViewController.swift in Sources */,
				9E4956FC2ABD658900CFA886 /* signupViewController.swift in Sources */,
				9E4956FA2ABD656F00CFA886 /* loginViewController.swift in Sources */,
			);
			runOnlyForDeploymentPostprocessing = 0;
		};
/* End PBXSourcesBuildPhase section */

/* Begin PBXVariantGroup section */
		9E4956E22ABD55FB00CFA886 /* Main.storyboard */ = {
			isa = PBXVariantGroup;
			children = (
				9E4956E32ABD55FB00CFA886 /* Base */,
			);
			name = Main.storyboard;
			sourceTree = "<group>";
		};
		9E4956E72ABD560000CFA886 /* LaunchScreen.storyboard */ = {
			isa = PBXVariantGroup;
			children = (
				9E4956E82ABD560000CFA886 /* Base */,
			);
			name = LaunchScreen.storyboard;
			sourceTree = "<group>";
		};
/* End PBXVariantGroup section */

/* Begin XCBuildConfiguration section */
		9E4956EB2ABD560000CFA886 /* Debug */ = {
			isa = XCBuildConfiguration;
			buildSettings = {
				ALWAYS_SEARCH_USER_PATHS = NO;
				CLANG_ANALYZER_NONNULL = YES;
				CLANG_ANALYZER_NUMBER_OBJECT_CONVERSION = YES_AGGRESSIVE;
				CLANG_CXX_LANGUAGE_STANDARD = "gnu++20";
				CLANG_ENABLE_MODULES = YES;
				CLANG_ENABLE_OBJC_ARC = YES;
				CLANG_ENABLE_OBJC_WEAK = YES;
				CLANG_WARN_BLOCK_CAPTURE_AUTORELEASING = YES;
				CLANG_WARN_BOOL_CONVERSION = YES;
				CLANG_WARN_COMMA = YES;
				CLANG_WARN_CONSTANT_CONVERSION = YES;
				CLANG_WARN_DEPRECATED_OBJC_IMPLEMENTATIONS = YES;
				CLANG_WARN_DIRECT_OBJC_ISA_USAGE = YES_ERROR;
				CLANG_WARN_DOCUMENTATION_COMMENTS = YES;
				CLANG_WARN_EMPTY_BODY = YES;
				CLANG_WARN_ENUM_CONVERSION = YES;
				CLANG_WARN_INFINITE_RECURSION = YES;
				CLANG_WARN_INT_CONVERSION = YES;
				CLANG_WARN_NON_LITERAL_NULL_CONVERSION = YES;
				CLANG_WARN_OBJC_IMPLICIT_RETAIN_SELF = YES;
				CLANG_WARN_OBJC_LITERAL_CONVERSION = YES;
				CLANG_WARN_OBJC_ROOT_CLASS = YES_ERROR;
				CLANG_WARN_QUOTED_INCLUDE_IN_FRAMEWORK_HEADER = YES;
				CLANG_WARN_RANGE_LOOP_ANALYSIS = YES;
				CLANG_WARN_STRICT_PROTOTYPES = YES;
				CLANG_WARN_SUSPICIOUS_MOVE = YES;
				CLANG_WARN_UNGUARDED_AVAILABILITY = YES_AGGRESSIVE;
				CLANG_WARN_UNREACHABLE_CODE = YES;
				CLANG_WARN__DUPLICATE_METHOD_MATCH = YES;
				COPY_PHASE_STRIP = NO;
				DEBUG_INFORMATION_FORMAT = dwarf;
				ENABLE_STRICT_OBJC_MSGSEND = YES;
				ENABLE_TESTABILITY = YES;
				GCC_C_LANGUAGE_STANDARD = gnu11;
				GCC_DYNAMIC_NO_PIC = NO;
				GCC_NO_COMMON_BLOCKS = YES;
				GCC_OPTIMIZATION_LEVEL = 0;
				GCC_PREPROCESSOR_DEFINITIONS = (
					"DEBUG=1",
					"$(inherited)",
				);
				GCC_WARN_64_TO_32_BIT_CONVERSION = YES;
				GCC_WARN_ABOUT_RETURN_TYPE = YES_ERROR;
				GCC_WARN_UNDECLARED_SELECTOR = YES;
				GCC_WARN_UNINITIALIZED_AUTOS = YES_AGGRESSIVE;
				GCC_WARN_UNUSED_FUNCTION = YES;
				GCC_WARN_UNUSED_VARIABLE = YES;
				IPHONEOS_DEPLOYMENT_TARGET = 16.2;
				MTL_ENABLE_DEBUG_INFO = INCLUDE_SOURCE;
				MTL_FAST_MATH = YES;
				ONLY_ACTIVE_ARCH = YES;
				SDKROOT = iphoneos;
				SWIFT_ACTIVE_COMPILATION_CONDITIONS = DEBUG;
				SWIFT_OPTIMIZATION_LEVEL = "-Onone";
			};
			name = Debug;
		};
		9E4956EC2ABD560000CFA886 /* Release */ = {
			isa = XCBuildConfiguration;
			buildSettings = {
				ALWAYS_SEARCH_USER_PATHS = NO;
				CLANG_ANALYZER_NONNULL = YES;
				CLANG_ANALYZER_NUMBER_OBJECT_CONVERSION = YES_AGGRESSIVE;
				CLANG_CXX_LANGUAGE_STANDARD = "gnu++20";
				CLANG_ENABLE_MODULES = YES;
				CLANG_ENABLE_OBJC_ARC = YES;
				CLANG_ENABLE_OBJC_WEAK = YES;
				CLANG_WARN_BLOCK_CAPTURE_AUTORELEASING = YES;
				CLANG_WARN_BOOL_CONVERSION = YES;
				CLANG_WARN_COMMA = YES;
				CLANG_WARN_CONSTANT_CONVERSION = YES;
				CLANG_WARN_DEPRECATED_OBJC_IMPLEMENTATIONS = YES;
				CLANG_WARN_DIRECT_OBJC_ISA_USAGE = YES_ERROR;
				CLANG_WARN_DOCUMENTATION_COMMENTS = YES;
				CLANG_WARN_EMPTY_BODY = YES;
				CLANG_WARN_ENUM_CONVERSION = YES;
				CLANG_WARN_INFINITE_RECURSION = YES;
				CLANG_WARN_INT_CONVERSION = YES;
				CLANG_WARN_NON_LITERAL_NULL_CONVERSION = YES;
				CLANG_WARN_OBJC_IMPLICIT_RETAIN_SELF = YES;
				CLANG_WARN_OBJC_LITERAL_CONVERSION = YES;
				CLANG_WARN_OBJC_ROOT_CLASS = YES_ERROR;
				CLANG_WARN_QUOTED_INCLUDE_IN_FRAMEWORK_HEADER = YES;
				CLANG_WARN_RANGE_LOOP_ANALYSIS = YES;
				CLANG_WARN_STRICT_PROTOTYPES = YES;
				CLANG_WARN_SUSPICIOUS_MOVE = YES;
				CLANG_WARN_UNGUARDED_AVAILABILITY = YES_AGGRESSIVE;
				CLANG_WARN_UNREACHABLE_CODE = YES;
				CLANG_WARN__DUPLICATE_METHOD_MATCH = YES;
				COPY_PHASE_STRIP = NO;
				DEBUG_INFORMATION_FORMAT = "dwarf-with-dsym";
				ENABLE_NS_ASSERTIONS = NO;
				ENABLE_STRICT_OBJC_MSGSEND = YES;
				GCC_C_LANGUAGE_STANDARD = gnu11;
				GCC_NO_COMMON_BLOCKS = YES;
				GCC_WARN_64_TO_32_BIT_CONVERSION = YES;
				GCC_WARN_ABOUT_RETURN_TYPE = YES_ERROR;
				GCC_WARN_UNDECLARED_SELECTOR = YES;
				GCC_WARN_UNINITIALIZED_AUTOS = YES_AGGRESSIVE;
				GCC_WARN_UNUSED_FUNCTION = YES;
				GCC_WARN_UNUSED_VARIABLE = YES;
				IPHONEOS_DEPLOYMENT_TARGET = 16.2;
				MTL_ENABLE_DEBUG_INFO = NO;
				MTL_FAST_MATH = YES;
				SDKROOT = iphoneos;
				SWIFT_COMPILATION_MODE = wholemodule;
				SWIFT_OPTIMIZATION_LEVEL = "-O";
				VALIDATE_PRODUCT = YES;
			};
			name = Release;
		};
		9E4956EE2ABD560000CFA886 /* Debug */ = {
			isa = XCBuildConfiguration;
			buildSettings = {
				ASSETCATALOG_COMPILER_APPICON_NAME = AppIcon;
				ASSETCATALOG_COMPILER_GLOBAL_ACCENT_COLOR_NAME = AccentColor;
				CODE_SIGN_STYLE = Automatic;
				CURRENT_PROJECT_VERSION = 1;
				GENERATE_INFOPLIST_FILE = YES;
				INFOPLIST_FILE = "weekly assessment 3/Info.plist";
				INFOPLIST_KEY_UIApplicationSupportsIndirectInputEvents = YES;
				INFOPLIST_KEY_UILaunchStoryboardName = LaunchScreen;
				INFOPLIST_KEY_UIMainStoryboardFile = Main;
				INFOPLIST_KEY_UISupportedInterfaceOrientations_iPad = "UIInterfaceOrientationPortrait UIInterfaceOrientationPortraitUpsideDown UIInterfaceOrientationLandscapeLeft UIInterfaceOrientationLandscapeRight";
				INFOPLIST_KEY_UISupportedInterfaceOrientations_iPhone = "UIInterfaceOrientationPortrait UIInterfaceOrientationLandscapeLeft UIInterfaceOrientationLandscapeRight";
				IPHONEOS_DEPLOYMENT_TARGET = 14.5;
				LD_RUNPATH_SEARCH_PATHS = (
					"$(inherited)",
					"@executable_path/Frameworks",
				);
				MARKETING_VERSION = 1.0;
				PRODUCT_BUNDLE_IDENTIFIER = "com.weekly-assessment-3";
				PRODUCT_NAME = "$(TARGET_NAME)";
				SWIFT_EMIT_LOC_STRINGS = YES;
				SWIFT_VERSION = 5.0;
				TARGETED_DEVICE_FAMILY = "1,2";
			};
			name = Debug;
		};
		9E4956EF2ABD560000CFA886 /* Release */ = {
			isa = XCBuildConfiguration;
			buildSettings = {
				ASSETCATALOG_COMPILER_APPICON_NAME = AppIcon;
				ASSETCATALOG_COMPILER_GLOBAL_ACCENT_COLOR_NAME = AccentColor;
				CODE_SIGN_STYLE = Automatic;
				CURRENT_PROJECT_VERSION = 1;
				GENERATE_INFOPLIST_FILE = YES;
				INFOPLIST_FILE = "weekly assessment 3/Info.plist";
				INFOPLIST_KEY_UIApplicationSupportsIndirectInputEvents = YES;
				INFOPLIST_KEY_UILaunchStoryboardName = LaunchScreen;
				INFOPLIST_KEY_UIMainStoryboardFile = Main;
				INFOPLIST_KEY_UISupportedInterfaceOrientations_iPad = "UIInterfaceOrientationPortrait UIInterfaceOrientationPortraitUpsideDown UIInterfaceOrientationLandscapeLeft UIInterfaceOrientationLandscapeRight";
				INFOPLIST_KEY_UISupportedInterfaceOrientations_iPhone = "UIInterfaceOrientationPortrait UIInterfaceOrientationLandscapeLeft UIInterfaceOrientationLandscapeRight";
				IPHONEOS_DEPLOYMENT_TARGET = 14.5;
				LD_RUNPATH_SEARCH_PATHS = (
					"$(inherited)",
					"@executable_path/Frameworks",
				);
				MARKETING_VERSION = 1.0;
				PRODUCT_BUNDLE_IDENTIFIER = "com.weekly-assessment-3";
				PRODUCT_NAME = "$(TARGET_NAME)";
				SWIFT_EMIT_LOC_STRINGS = YES;
				SWIFT_VERSION = 5.0;
				TARGETED_DEVICE_FAMILY = "1,2";
			};
			name = Release;
		};
/* End XCBuildConfiguration section */

/* Begin XCConfigurationList section */
		9E4956D42ABD55FB00CFA886 /* Build configuration list for PBXProject "weekly assessment 3" */ = {
			isa = XCConfigurationList;
			buildConfigurations = (
				9E4956EB2ABD560000CFA886 /* Debug */,
				9E4956EC2ABD560000CFA886 /* Release */,
			);
			defaultConfigurationIsVisible = 0;
			defaultConfigurationName = Release;
		};
		9E4956ED2ABD560000CFA886 /* Build configuration list for PBXNativeTarget "weekly assessment 3" */ = {
			isa = XCConfigurationList;
			buildConfigurations = (
				9E4956EE2ABD560000CFA886 /* Debug */,
				9E4956EF2ABD560000CFA886 /* Release */,
			);
			defaultConfigurationIsVisible = 0;
			defaultConfigurationName = Release;
		};
/* End XCConfigurationList section */
	};
	rootObject = 9E4956D12ABD55FB00CFA886 /* Project object */;
}
