// !$*UTF8*$!
{
	archiveVersion = 1;
	classes = {
	};
	objectVersion = 56;
	objects = {

/* Begin PBXBuildFile section */
		9E246A242AC14F5A00DCBA54 /* AppDelegate.swift in Sources */ = {isa = PBXBuildFile; fileRef = 9E246A232AC14F5A00DCBA54 /* AppDelegate.swift */; };
		9E246A262AC14F5A00DCBA54 /* SceneDelegate.swift in Sources */ = {isa = PBXBuildFile; fileRef = 9E246A252AC14F5A00DCBA54 /* SceneDelegate.swift */; };
		9E246A282AC14F5A00DCBA54 /* ViewController.swift in Sources */ = {isa = PBXBuildFile; fileRef = 9E246A272AC14F5A00DCBA54 /* ViewController.swift */; };
		9E246A2B2AC14F5A00DCBA54 /* Main.storyboard in Resources */ = {isa = PBXBuildFile; fileRef = 9E246A292AC14F5A00DCBA54 /* Main.storyboard */; };
		9E246A2D2AC14F5F00DCBA54 /* Assets.xcassets in Resources */ = {isa = PBXBuildFile; fileRef = 9E246A2C2AC14F5F00DCBA54 /* Assets.xcassets */; };
		9E246A302AC14F5F00DCBA54 /* LaunchScreen.storyboard in Resources */ = {isa = PBXBuildFile; fileRef = 9E246A2E2AC14F5F00DCBA54 /* LaunchScreen.storyboard */; };
		9E246A392AC17C8500DCBA54 /* cell.swift in Sources */ = {isa = PBXBuildFile; fileRef = 9E246A372AC17C8500DCBA54 /* cell.swift */; };
		9E246A3A2AC17C8500DCBA54 /* cell.xib in Resources */ = {isa = PBXBuildFile; fileRef = 9E246A382AC17C8500DCBA54 /* cell.xib */; };
		9E246A3C2AC182FF00DCBA54 /* icon-app.pdf in Resources */ = {isa = PBXBuildFile; fileRef = 9E246A3B2AC182FF00DCBA54 /* icon-app.pdf */; };
		9E246A442AC184E300DCBA54 /* Lato-Bold.ttf in Resources */ = {isa = PBXBuildFile; fileRef = 9E246A432AC184E200DCBA54 /* Lato-Bold.ttf */; };
		9E26BC692AC28FC700D74E8C /* pickerViewController.swift in Sources */ = {isa = PBXBuildFile; fileRef = 9E26BC682AC28FC700D74E8C /* pickerViewController.swift */; };
		9E8172662AC3F84B003BEAAF /* icon-filter.png in Resources */ = {isa = PBXBuildFile; fileRef = 9E8172652AC3F84B003BEAAF /* icon-filter.png */; };
		9EC9C4CD2AC2F38E00C8895D /* AppModel.swift in Sources */ = {isa = PBXBuildFile; fileRef = 9EC9C4CC2AC2F38E00C8895D /* AppModel.swift */; };
		9EC9C4CF2AC2F46D00C8895D /* Apps.swift in Sources */ = {isa = PBXBuildFile; fileRef = 9EC9C4CE2AC2F46D00C8895D /* Apps.swift */; };
/* End PBXBuildFile section */

/* Begin PBXFileReference section */
		9E246A202AC14F5A00DCBA54 /* week4-tableveiw.app */ = {isa = PBXFileReference; explicitFileType = wrapper.application; includeInIndex = 0; path = "week4-tableveiw.app"; sourceTree = BUILT_PRODUCTS_DIR; };
		9E246A232AC14F5A00DCBA54 /* AppDelegate.swift */ = {isa = PBXFileReference; lastKnownFileType = sourcecode.swift; path = AppDelegate.swift; sourceTree = "<group>"; };
		9E246A252AC14F5A00DCBA54 /* SceneDelegate.swift */ = {isa = PBXFileReference; lastKnownFileType = sourcecode.swift; path = SceneDelegate.swift; sourceTree = "<group>"; };
		9E246A272AC14F5A00DCBA54 /* ViewController.swift */ = {isa = PBXFileReference; lastKnownFileType = sourcecode.swift; path = ViewController.swift; sourceTree = "<group>"; };
		9E246A2A2AC14F5A00DCBA54 /* Base */ = {isa = PBXFileReference; lastKnownFileType = file.storyboard; name = Base; path = Base.lproj/Main.storyboard; sourceTree = "<group>"; };
		9E246A2C2AC14F5F00DCBA54 /* Assets.xcassets */ = {isa = PBXFileReference; lastKnownFileType = folder.assetcatalog; path = Assets.xcassets; sourceTree = "<group>"; };
		9E246A2F2AC14F5F00DCBA54 /* Base */ = {isa = PBXFileReference; lastKnownFileType = file.storyboard; name = Base; path = Base.lproj/LaunchScreen.storyboard; sourceTree = "<group>"; };
		9E246A312AC14F5F00DCBA54 /* Info.plist */ = {isa = PBXFileReference; lastKnownFileType = text.plist.xml; path = Info.plist; sourceTree = "<group>"; };
		9E246A372AC17C8500DCBA54 /* cell.swift */ = {isa = PBXFileReference; lastKnownFileType = sourcecode.swift; path = cell.swift; sourceTree = "<group>"; };
		9E246A382AC17C8500DCBA54 /* cell.xib */ = {isa = PBXFileReference; lastKnownFileType = file.xib; path = cell.xib; sourceTree = "<group>"; };
		9E246A3B2AC182FF00DCBA54 /* icon-app.pdf */ = {isa = PBXFileReference; lastKnownFileType = image.pdf; path = "icon-app.pdf"; sourceTree = "<group>"; };
		9E246A432AC184E200DCBA54 /* Lato-Bold.ttf */ = {isa = PBXFileReference; lastKnownFileType = file; path = "Lato-Bold.ttf"; sourceTree = "<group>"; };
		9E26BC682AC28FC700D74E8C /* pickerViewController.swift */ = {isa = PBXFileReference; lastKnownFileType = sourcecode.swift; path = pickerViewController.swift; sourceTree = "<group>"; };
		9E8172652AC3F84B003BEAAF /* icon-filter.png */ = {isa = PBXFileReference; lastKnownFileType = image.png; path = "icon-filter.png"; sourceTree = "<group>"; };
		9EC9C4CC2AC2F38E00C8895D /* AppModel.swift */ = {isa = PBXFileReference; lastKnownFileType = sourcecode.swift; path = AppModel.swift; sourceTree = "<group>"; };
		9EC9C4CE2AC2F46D00C8895D /* Apps.swift */ = {isa = PBXFileReference; lastKnownFileType = sourcecode.swift; path = Apps.swift; sourceTree = "<group>"; };
/* End PBXFileReference section */

/* Begin PBXFrameworksBuildPhase section */
		9E246A1D2AC14F5A00DCBA54 /* Frameworks */ = {
			isa = PBXFrameworksBuildPhase;
			buildActionMask = 2147483647;
			files = (
			);
			runOnlyForDeploymentPostprocessing = 0;
		};
/* End PBXFrameworksBuildPhase section */

/* Begin PBXGroup section */
		9E09AB172AC3217900FB54D6 /* View */ = {
			isa = PBXGroup;
			children = (
				9E246A272AC14F5A00DCBA54 /* ViewController.swift */,
				9E26BC682AC28FC700D74E8C /* pickerViewController.swift */,
			);
			path = View;
			sourceTree = "<group>";
		};
		9E246A172AC14F5A00DCBA54 = {
			isa = PBXGroup;
			children = (
				9E246A432AC184E200DCBA54 /* Lato-Bold.ttf */,
				9E246A222AC14F5A00DCBA54 /* week4-tableveiw */,
				9E246A212AC14F5A00DCBA54 /* Products */,
			);
			sourceTree = "<group>";
		};
		9E246A212AC14F5A00DCBA54 /* Products */ = {
			isa = PBXGroup;
			children = (
				9E246A202AC14F5A00DCBA54 /* week4-tableveiw.app */,
			);
			name = Products;
			sourceTree = "<group>";
		};
		9E246A222AC14F5A00DCBA54 /* week4-tableveiw */ = {
			isa = PBXGroup;
			children = (
				9EC9C4CB2AC2F36C00C8895D /* Model */,
				9E09AB172AC3217900FB54D6 /* View */,
				9E246A462AC19A1F00DCBA54 /* ViewModel */,
				9E246A232AC14F5A00DCBA54 /* AppDelegate.swift */,
				9E246A252AC14F5A00DCBA54 /* SceneDelegate.swift */,
				9E246A292AC14F5A00DCBA54 /* Main.storyboard */,
				9E246A2C2AC14F5F00DCBA54 /* Assets.xcassets */,
				9E8172652AC3F84B003BEAAF /* icon-filter.png */,
				9E246A3B2AC182FF00DCBA54 /* icon-app.pdf */,
				9E246A2E2AC14F5F00DCBA54 /* LaunchScreen.storyboard */,
				9E246A312AC14F5F00DCBA54 /* Info.plist */,
				9E246A372AC17C8500DCBA54 /* cell.swift */,
				9E246A382AC17C8500DCBA54 /* cell.xib */,
			);
			path = "week4-tableveiw";
			sourceTree = "<group>";
		};
		9E246A462AC19A1F00DCBA54 /* ViewModel */ = {
			isa = PBXGroup;
			children = (
				9EC9C4CE2AC2F46D00C8895D /* Apps.swift */,
			);
			path = ViewModel;
			sourceTree = "<group>";
		};
		9EC9C4CB2AC2F36C00C8895D /* Model */ = {
			isa = PBXGroup;
			children = (
				9EC9C4CC2AC2F38E00C8895D /* AppModel.swift */,
			);
			path = Model;
			sourceTree = "<group>";
		};
/* End PBXGroup section */

/* Begin PBXNativeTarget section */
		9E246A1F2AC14F5A00DCBA54 /* week4-tableveiw */ = {
			isa = PBXNativeTarget;
			buildConfigurationList = 9E246A342AC14F5F00DCBA54 /* Build configuration list for PBXNativeTarget "week4-tableveiw" */;
			buildPhases = (
				9E246A1C2AC14F5A00DCBA54 /* Sources */,
				9E246A1D2AC14F5A00DCBA54 /* Frameworks */,
				9E246A1E2AC14F5A00DCBA54 /* Resources */,
			);
			buildRules = (
			);
			dependencies = (
			);
			name = "week4-tableveiw";
			productName = "week4-tableveiw";
			productReference = 9E246A202AC14F5A00DCBA54 /* week4-tableveiw.app */;
			productType = "com.apple.product-type.application";
		};
/* End PBXNativeTarget section */

/* Begin PBXProject section */
		9E246A182AC14F5A00DCBA54 /* Project object */ = {
			isa = PBXProject;
			attributes = {
				BuildIndependentTargetsInParallel = 1;
				LastSwiftUpdateCheck = 1420;
				LastUpgradeCheck = 1420;
				TargetAttributes = {
					9E246A1F2AC14F5A00DCBA54 = {
						CreatedOnToolsVersion = 14.2;
					};
				};
			};
			buildConfigurationList = 9E246A1B2AC14F5A00DCBA54 /* Build configuration list for PBXProject "week4-tableveiw" */;
			compatibilityVersion = "Xcode 14.0";
			developmentRegion = en;
			hasScannedForEncodings = 0;
			knownRegions = (
				en,
				Base,
			);
			mainGroup = 9E246A172AC14F5A00DCBA54;
			productRefGroup = 9E246A212AC14F5A00DCBA54 /* Products */;
			projectDirPath = "";
			projectRoot = "";
			targets = (
				9E246A1F2AC14F5A00DCBA54 /* week4-tableveiw */,
			);
		};
/* End PBXProject section */

/* Begin PBXResourcesBuildPhase section */
		9E246A1E2AC14F5A00DCBA54 /* Resources */ = {
			isa = PBXResourcesBuildPhase;
			buildActionMask = 2147483647;
			files = (
				9E246A302AC14F5F00DCBA54 /* LaunchScreen.storyboard in Resources */,
				9E246A442AC184E300DCBA54 /* Lato-Bold.ttf in Resources */,
				9E8172662AC3F84B003BEAAF /* icon-filter.png in Resources */,
				9E246A3A2AC17C8500DCBA54 /* cell.xib in Resources */,
				9E246A3C2AC182FF00DCBA54 /* icon-app.pdf in Resources */,
				9E246A2D2AC14F5F00DCBA54 /* Assets.xcassets in Resources */,
				9E246A2B2AC14F5A00DCBA54 /* Main.storyboard in Resources */,
			);
			runOnlyForDeploymentPostprocessing = 0;
		};
/* End PBXResourcesBuildPhase section */

/* Begin PBXSourcesBuildPhase section */
		9E246A1C2AC14F5A00DCBA54 /* Sources */ = {
			isa = PBXSourcesBuildPhase;
			buildActionMask = 2147483647;
			files = (
				9E246A282AC14F5A00DCBA54 /* ViewController.swift in Sources */,
				9EC9C4CD2AC2F38E00C8895D /* AppModel.swift in Sources */,
				9E246A392AC17C8500DCBA54 /* cell.swift in Sources */,
				9EC9C4CF2AC2F46D00C8895D /* Apps.swift in Sources */,
				9E246A242AC14F5A00DCBA54 /* AppDelegate.swift in Sources */,
				9E26BC692AC28FC700D74E8C /* pickerViewController.swift in Sources */,
				9E246A262AC14F5A00DCBA54 /* SceneDelegate.swift in Sources */,
			);
			runOnlyForDeploymentPostprocessing = 0;
		};
/* End PBXSourcesBuildPhase section */

/* Begin PBXVariantGroup section */
		9E246A292AC14F5A00DCBA54 /* Main.storyboard */ = {
			isa = PBXVariantGroup;
			children = (
				9E246A2A2AC14F5A00DCBA54 /* Base */,
			);
			name = Main.storyboard;
			sourceTree = "<group>";
		};
		9E246A2E2AC14F5F00DCBA54 /* LaunchScreen.storyboard */ = {
			isa = PBXVariantGroup;
			children = (
				9E246A2F2AC14F5F00DCBA54 /* Base */,
			);
			name = LaunchScreen.storyboard;
			sourceTree = "<group>";
		};
/* End PBXVariantGroup section */

/* Begin XCBuildConfiguration section */
		9E246A322AC14F5F00DCBA54 /* Debug */ = {
			isa = XCBuildConfiguration;
			buildSettings = {
				ALWAYS_SEARCH_USER_PATHS = NO;
				CLANG_ANALYZER_NONNULL = YES;
				CLANG_ANALYZER_NUMBER_OBJECT_CONVERSION = YES_AGGRESSIVE;
				CLANG_CXX_LANGUAGE_STANDARD = "gnu++20";
				CLANG_ENABLE_MODULES = YES;
				CLANG_ENABLE_OBJC_ARC = YES;
				CLANG_ENABLE_OBJC_WEAK = YES;
				CLANG_WARN_BLOCK_CAPTURE_AUTORELEASING = YES;
				CLANG_WARN_BOOL_CONVERSION = YES;
				CLANG_WARN_COMMA = YES;
				CLANG_WARN_CONSTANT_CONVERSION = YES;
				CLANG_WARN_DEPRECATED_OBJC_IMPLEMENTATIONS = YES;
				CLANG_WARN_DIRECT_OBJC_ISA_USAGE = YES_ERROR;
				CLANG_WARN_DOCUMENTATION_COMMENTS = YES;
				CLANG_WARN_EMPTY_BODY = YES;
				CLANG_WARN_ENUM_CONVERSION = YES;
				CLANG_WARN_INFINITE_RECURSION = YES;
				CLANG_WARN_INT_CONVERSION = YES;
				CLANG_WARN_NON_LITERAL_NULL_CONVERSION = YES;
				CLANG_WARN_OBJC_IMPLICIT_RETAIN_SELF = YES;
				CLANG_WARN_OBJC_LITERAL_CONVERSION = YES;
				CLANG_WARN_OBJC_ROOT_CLASS = YES_ERROR;
				CLANG_WARN_QUOTED_INCLUDE_IN_FRAMEWORK_HEADER = YES;
				CLANG_WARN_RANGE_LOOP_ANALYSIS = YES;
				CLANG_WARN_STRICT_PROTOTYPES = YES;
				CLANG_WARN_SUSPICIOUS_MOVE = YES;
				CLANG_WARN_UNGUARDED_AVAILABILITY = YES_AGGRESSIVE;
				CLANG_WARN_UNREACHABLE_CODE = YES;
				CLANG_WARN__DUPLICATE_METHOD_MATCH = YES;
				COPY_PHASE_STRIP = NO;
				DEBUG_INFORMATION_FORMAT = dwarf;
				ENABLE_STRICT_OBJC_MSGSEND = YES;
				ENABLE_TESTABILITY = YES;
				GCC_C_LANGUAGE_STANDARD = gnu11;
				GCC_DYNAMIC_NO_PIC = NO;
				GCC_NO_COMMON_BLOCKS = YES;
				GCC_OPTIMIZATION_LEVEL = 0;
				GCC_PREPROCESSOR_DEFINITIONS = (
					"DEBUG=1",
					"$(inherited)",
				);
				GCC_WARN_64_TO_32_BIT_CONVERSION = YES;
				GCC_WARN_ABOUT_RETURN_TYPE = YES_ERROR;
				GCC_WARN_UNDECLARED_SELECTOR = YES;
				GCC_WARN_UNINITIALIZED_AUTOS = YES_AGGRESSIVE;
				GCC_WARN_UNUSED_FUNCTION = YES;
				GCC_WARN_UNUSED_VARIABLE = YES;
				IPHONEOS_DEPLOYMENT_TARGET = 16.2;
				MTL_ENABLE_DEBUG_INFO = INCLUDE_SOURCE;
				MTL_FAST_MATH = YES;
				ONLY_ACTIVE_ARCH = YES;
				SDKROOT = iphoneos;
				SWIFT_ACTIVE_COMPILATION_CONDITIONS = DEBUG;
				SWIFT_OPTIMIZATION_LEVEL = "-Onone";
			};
			name = Debug;
		};
		9E246A332AC14F5F00DCBA54 /* Release */ = {
			isa = XCBuildConfiguration;
			buildSettings = {
				ALWAYS_SEARCH_USER_PATHS = NO;
				CLANG_ANALYZER_NONNULL = YES;
				CLANG_ANALYZER_NUMBER_OBJECT_CONVERSION = YES_AGGRESSIVE;
				CLANG_CXX_LANGUAGE_STANDARD = "gnu++20";
				CLANG_ENABLE_MODULES = YES;
				CLANG_ENABLE_OBJC_ARC = YES;
				CLANG_ENABLE_OBJC_WEAK = YES;
				CLANG_WARN_BLOCK_CAPTURE_AUTORELEASING = YES;
				CLANG_WARN_BOOL_CONVERSION = YES;
				CLANG_WARN_COMMA = YES;
				CLANG_WARN_CONSTANT_CONVERSION = YES;
				CLANG_WARN_DEPRECATED_OBJC_IMPLEMENTATIONS = YES;
				CLANG_WARN_DIRECT_OBJC_ISA_USAGE = YES_ERROR;
				CLANG_WARN_DOCUMENTATION_COMMENTS = YES;
				CLANG_WARN_EMPTY_BODY = YES;
				CLANG_WARN_ENUM_CONVERSION = YES;
				CLANG_WARN_INFINITE_RECURSION = YES;
				CLANG_WARN_INT_CONVERSION = YES;
				CLANG_WARN_NON_LITERAL_NULL_CONVERSION = YES;
				CLANG_WARN_OBJC_IMPLICIT_RETAIN_SELF = YES;
				CLANG_WARN_OBJC_LITERAL_CONVERSION = YES;
				CLANG_WARN_OBJC_ROOT_CLASS = YES_ERROR;
				CLANG_WARN_QUOTED_INCLUDE_IN_FRAMEWORK_HEADER = YES;
				CLANG_WARN_RANGE_LOOP_ANALYSIS = YES;
				CLANG_WARN_STRICT_PROTOTYPES = YES;
				CLANG_WARN_SUSPICIOUS_MOVE = YES;
				CLANG_WARN_UNGUARDED_AVAILABILITY = YES_AGGRESSIVE;
				CLANG_WARN_UNREACHABLE_CODE = YES;
				CLANG_WARN__DUPLICATE_METHOD_MATCH = YES;
				COPY_PHASE_STRIP = NO;
				DEBUG_INFORMATION_FORMAT = "dwarf-with-dsym";
				ENABLE_NS_ASSERTIONS = NO;
				ENABLE_STRICT_OBJC_MSGSEND = YES;
				GCC_C_LANGUAGE_STANDARD = gnu11;
				GCC_NO_COMMON_BLOCKS = YES;
				GCC_WARN_64_TO_32_BIT_CONVERSION = YES;
				GCC_WARN_ABOUT_RETURN_TYPE = YES_ERROR;
				GCC_WARN_UNDECLARED_SELECTOR = YES;
				GCC_WARN_UNINITIALIZED_AUTOS = YES_AGGRESSIVE;
				GCC_WARN_UNUSED_FUNCTION = YES;
				GCC_WARN_UNUSED_VARIABLE = YES;
				IPHONEOS_DEPLOYMENT_TARGET = 16.2;
				MTL_ENABLE_DEBUG_INFO = NO;
				MTL_FAST_MATH = YES;
				SDKROOT = iphoneos;
				SWIFT_COMPILATION_MODE = wholemodule;
				SWIFT_OPTIMIZATION_LEVEL = "-O";
				VALIDATE_PRODUCT = YES;
			};
			name = Release;
		};
		9E246A352AC14F5F00DCBA54 /* Debug */ = {
			isa = XCBuildConfiguration;
			buildSettings = {
				ASSETCATALOG_COMPILER_APPICON_NAME = AppIcon;
				ASSETCATALOG_COMPILER_GLOBAL_ACCENT_COLOR_NAME = AccentColor;
				CODE_SIGN_STYLE = Automatic;
				CURRENT_PROJECT_VERSION = 1;
				GENERATE_INFOPLIST_FILE = YES;
				INFOPLIST_FILE = "week4-tableveiw/Info.plist";
				INFOPLIST_KEY_UIApplicationSupportsIndirectInputEvents = YES;
				INFOPLIST_KEY_UILaunchStoryboardName = LaunchScreen;
				INFOPLIST_KEY_UIMainStoryboardFile = Main;
				INFOPLIST_KEY_UISupportedInterfaceOrientations_iPad = "UIInterfaceOrientationPortrait UIInterfaceOrientationPortraitUpsideDown UIInterfaceOrientationLandscapeLeft UIInterfaceOrientationLandscapeRight";
				INFOPLIST_KEY_UISupportedInterfaceOrientations_iPhone = "UIInterfaceOrientationPortrait UIInterfaceOrientationLandscapeLeft UIInterfaceOrientationLandscapeRight";
				IPHONEOS_DEPLOYMENT_TARGET = 14.5;
				LD_RUNPATH_SEARCH_PATHS = (
					"$(inherited)",
					"@executable_path/Frameworks",
				);
				MARKETING_VERSION = 1.0;
				PRODUCT_BUNDLE_IDENTIFIER = "com.week4-tableveiw";
				PRODUCT_NAME = "$(TARGET_NAME)";
				SWIFT_EMIT_LOC_STRINGS = YES;
				SWIFT_VERSION = 5.0;
				TARGETED_DEVICE_FAMILY = "1,2";
			};
			name = Debug;
		};
		9E246A362AC14F5F00DCBA54 /* Release */ = {
			isa = XCBuildConfiguration;
			buildSettings = {
				ASSETCATALOG_COMPILER_APPICON_NAME = AppIcon;
				ASSETCATALOG_COMPILER_GLOBAL_ACCENT_COLOR_NAME = AccentColor;
				CODE_SIGN_STYLE = Automatic;
				CURRENT_PROJECT_VERSION = 1;
				GENERATE_INFOPLIST_FILE = YES;
				INFOPLIST_FILE = "week4-tableveiw/Info.plist";
				INFOPLIST_KEY_UIApplicationSupportsIndirectInputEvents = YES;
				INFOPLIST_KEY_UILaunchStoryboardName = LaunchScreen;
				INFOPLIST_KEY_UIMainStoryboardFile = Main;
				INFOPLIST_KEY_UISupportedInterfaceOrientations_iPad = "UIInterfaceOrientationPortrait UIInterfaceOrientationPortraitUpsideDown UIInterfaceOrientationLandscapeLeft UIInterfaceOrientationLandscapeRight";
				INFOPLIST_KEY_UISupportedInterfaceOrientations_iPhone = "UIInterfaceOrientationPortrait UIInterfaceOrientationLandscapeLeft UIInterfaceOrientationLandscapeRight";
				IPHONEOS_DEPLOYMENT_TARGET = 14.5;
				LD_RUNPATH_SEARCH_PATHS = (
					"$(inherited)",
					"@executable_path/Frameworks",
				);
				MARKETING_VERSION = 1.0;
				PRODUCT_BUNDLE_IDENTIFIER = "com.week4-tableveiw";
				PRODUCT_NAME = "$(TARGET_NAME)";
				SWIFT_EMIT_LOC_STRINGS = YES;
				SWIFT_VERSION = 5.0;
				TARGETED_DEVICE_FAMILY = "1,2";
			};
			name = Release;
		};
/* End XCBuildConfiguration section */

/* Begin XCConfigurationList section */
		9E246A1B2AC14F5A00DCBA54 /* Build configuration list for PBXProject "week4-tableveiw" */ = {
			isa = XCConfigurationList;
			buildConfigurations = (
				9E246A322AC14F5F00DCBA54 /* Debug */,
				9E246A332AC14F5F00DCBA54 /* Release */,
			);
			defaultConfigurationIsVisible = 0;
			defaultConfigurationName = Release;
		};
		9E246A342AC14F5F00DCBA54 /* Build configuration list for PBXNativeTarget "week4-tableveiw" */ = {
			isa = XCConfigurationList;
			buildConfigurations = (
				9E246A352AC14F5F00DCBA54 /* Debug */,
				9E246A362AC14F5F00DCBA54 /* Release */,
			);
			defaultConfigurationIsVisible = 0;
			defaultConfigurationName = Release;
		};
/* End XCConfigurationList section */
	};
	rootObject = 9E246A182AC14F5A00DCBA54 /* Project object */;
}
